
Microsoft Visual Studio Solution File, Format Version 12.00
Project("{FAE04EC0-301F-11D3-BF4B-00C04F79EFBC}") = "LEObjectWidth", "LEObjectWidth\LEObjectWidth.csproj", "{CDF8B6EC-2579-4533-91EB-E031DBB40B88}"
EndProject
Global
	GlobalSection(SolutionConfigurationPlatforms) = preSolution
		Debug|Any CPU = Debug|Any CPU
		Release|Any CPU = Release|Any CPU
	EndGlobalSection
	GlobalSection(ProjectConfigurationPlatforms) = postSolution
		{CDF8B6EC-2579-4533-91EB-E031DBB40B88}.Debug|Any CPU.ActiveCfg = Debug|Any CPU
		{CDF8B6EC-2579-4533-91EB-E031DBB40B88}.Debug|Any CPU.Build.0 = Debug|Any CPU
		{CDF8B6EC-2579-4533-91EB-E031DBB40B88}.Release|Any CPU.ActiveCfg = Release|Any CPU
		{CDF8B6EC-2579-4533-91EB-E031DBB40B88}.Release|Any CPU.Build.0 = Release|Any CPU
	EndGlobalSection
EndGlobal
